github.com/joho/godotenv v1.3.0 h1:Zjp+RcGpHhGlrMbJzXTrZZPrWj+1vfm90La1wgB6Bhc=
github.com/joho/godotenv v1.3.0/go.mod h1:7hK45KPybAkOC6peb+G5yklZfMxEjkZhHbwpqxOKXbg=
github.com/tsoonjin/goadam v0.0.0-20210215041145-96a07f272a58 h1:qlhC/WowXeYS+yeJK0oZeMSQHG39kJka5Ue140Lfoi4=
github.com/tsoonjin/goadam v0.0.0-20210215041145-96a07f272a58/go.mod h1:s9/7XUxC5aVSvQoLhCekJehu47G2KvVewNoRK7vTgek=
